
Microsoft Visual Studio Solution File, Format Version 12.00
# Visual Studio Version 18
VisualStudioVersion = 18.4.11513.90 insiders
MinimumVisualStudioVersion = 10.0.40219.1
Project("{FAE04EC0-301F-11D3-BF4B-00C04F79EFBC}") = "CyanAppLauncher", "CyanAppLauncher.csproj", "{5629F676-66A7-42A9-A076-82ECFD325CC6}"
EndProject
Global
	GlobalSection(SolutionConfigurationPlatforms) = preSolution
		Debug|Any CPU = Debug|Any CPU
		Release|Any CPU = Release|Any CPU
	EndGlobalSection
	GlobalSection(ProjectConfigurationPlatforms) = postSolution
		{5629F676-66A7-42A9-A076-82ECFD325CC6}.Debug|Any CPU.ActiveCfg = Debug|Any CPU
		{5629F676-66A7-42A9-A076-82ECFD325CC6}.Debug|Any CPU.Build.0 = Debug|Any CPU
		{5629F676-66A7-42A9-A076-82ECFD325CC6}.Release|Any CPU.ActiveCfg = Release|Any CPU
		{5629F676-66A7-42A9-A076-82ECFD325CC6}.Release|Any CPU.Build.0 = Release|Any CPU
	EndGlobalSection
	GlobalSection(SolutionProperties) = preSolution
		HideSolutionNode = FALSE
	EndGlobalSection
	GlobalSection(ExtensibilityGlobals) = postSolution
		SolutionGuid = {84BA09A2-4C99-4D58-886F-E404FF2D7369}
	EndGlobalSection
EndGlobal
