
Microsoft Visual Studio Solution File, Format Version 12.00
# Visual Studio Version 18
VisualStudioVersion = 18.3.11408.92 d18.3
MinimumVisualStudioVersion = 10.0.40219.1
Project("{FAE04EC0-301F-11D3-BF4B-00C04F79EFBC}") = "CyanLauncherManager", "CyanLauncherManager.csproj", "{2BDB6D7B-3AD3-4FCD-B33E-AA2BDA6D38D2}"
EndProject
Project("{FAE04EC0-301F-11D3-BF4B-00C04F79EFBC}") = "CyanAppLauncher", "..\CyanAppLauncher\CyanAppLauncher.csproj", "{5629F676-66A7-42A9-A076-82ECFD325CC6}"
EndProject
Global
	GlobalSection(SolutionConfigurationPlatforms) = preSolution
		Debug|Any CPU = Debug|Any CPU
		Debug|x64 = Debug|x64
		Debug|x86 = Debug|x86
		Release|Any CPU = Release|Any CPU
		Release|x64 = Release|x64
		Release|x86 = Release|x86
	EndGlobalSection
	GlobalSection(ProjectConfigurationPlatforms) = postSolution
		{2BDB6D7B-3AD3-4FCD-B33E-AA2BDA6D38D2}.Debug|Any CPU.ActiveCfg = Debug|Any CPU
		{2BDB6D7B-3AD3-4FCD-B33E-AA2BDA6D38D2}.Debug|Any CPU.Build.0 = Debug|Any CPU
		{2BDB6D7B-3AD3-4FCD-B33E-AA2BDA6D38D2}.Debug|x64.ActiveCfg = Debug|Any CPU
		{2BDB6D7B-3AD3-4FCD-B33E-AA2BDA6D38D2}.Debug|x64.Build.0 = Debug|Any CPU
		{2BDB6D7B-3AD3-4FCD-B33E-AA2BDA6D38D2}.Debug|x86.ActiveCfg = Debug|Any CPU
		{2BDB6D7B-3AD3-4FCD-B33E-AA2BDA6D38D2}.Debug|x86.Build.0 = Debug|Any CPU
		{2BDB6D7B-3AD3-4FCD-B33E-AA2BDA6D38D2}.Release|Any CPU.ActiveCfg = Release|Any CPU
		{2BDB6D7B-3AD3-4FCD-B33E-AA2BDA6D38D2}.Release|Any CPU.Build.0 = Release|Any CPU
		{2BDB6D7B-3AD3-4FCD-B33E-AA2BDA6D38D2}.Release|x64.ActiveCfg = Release|Any CPU
		{2BDB6D7B-3AD3-4FCD-B33E-AA2BDA6D38D2}.Release|x64.Build.0 = Release|Any CPU
		{2BDB6D7B-3AD3-4FCD-B33E-AA2BDA6D38D2}.Release|x86.ActiveCfg = Release|Any CPU
		{2BDB6D7B-3AD3-4FCD-B33E-AA2BDA6D38D2}.Release|x86.Build.0 = Release|Any CPU
		{5629F676-66A7-42A9-A076-82ECFD325CC6}.Debug|Any CPU.ActiveCfg = Debug|Any CPU
		{5629F676-66A7-42A9-A076-82ECFD325CC6}.Debug|Any CPU.Build.0 = Debug|Any CPU
		{5629F676-66A7-42A9-A076-82ECFD325CC6}.Debug|x64.ActiveCfg = Debug|Any CPU
		{5629F676-66A7-42A9-A076-82ECFD325CC6}.Debug|x64.Build.0 = Debug|Any CPU
		{5629F676-66A7-42A9-A076-82ECFD325CC6}.Debug|x86.ActiveCfg = Debug|Any CPU
		{5629F676-66A7-42A9-A076-82ECFD325CC6}.Debug|x86.Build.0 = Debug|Any CPU
		{5629F676-66A7-42A9-A076-82ECFD325CC6}.Release|Any CPU.ActiveCfg = Release|Any CPU
		{5629F676-66A7-42A9-A076-82ECFD325CC6}.Release|Any CPU.Build.0 = Release|Any CPU
		{5629F676-66A7-42A9-A076-82ECFD325CC6}.Release|x64.ActiveCfg = Release|Any CPU
		{5629F676-66A7-42A9-A076-82ECFD325CC6}.Release|x64.Build.0 = Release|Any CPU
		{5629F676-66A7-42A9-A076-82ECFD325CC6}.Release|x86.ActiveCfg = Release|Any CPU
		{5629F676-66A7-42A9-A076-82ECFD325CC6}.Release|x86.Build.0 = Release|Any CPU
	EndGlobalSection
	GlobalSection(SolutionProperties) = preSolution
		HideSolutionNode = FALSE
	EndGlobalSection
	GlobalSection(ExtensibilityGlobals) = postSolution
		SolutionGuid = {1E896E4B-0E9C-4C88-BF19-E7931C356538}
	EndGlobalSection
EndGlobal
